
Microsoft Visual Studio Solution File, Format Version 12.00
# Visual Studio Version 17
VisualStudioVersion = 17.5.33502.453
MinimumVisualStudioVersion = 10.0.40219.1
Project("{9A19103F-16F7-4668-BE54-9A1E7A4F7556}") = "MiniTwitch.Common", "MiniTwitch.Common\MiniTwitch.Common.csproj", "{E9F2F809-CE3C-4DA1-A16F-FE0A1F24D42B}"
EndProject
Project("{9A19103F-16F7-4668-BE54-9A1E7A4F7556}") = "MiniTwitch.Irc", "MiniTwitch.Irc\MiniTwitch.Irc.csproj", "{4954F279-1E0F-4FAE-B94B-82E97FF3AAAD}"
EndProject
Project("{9A19103F-16F7-4668-BE54-9A1E7A4F7556}") = "MiniTwitch.Irc.Test", "MiniTwitch.Irc.Test\MiniTwitch.Irc.Test.csproj", "{70E0798C-2704-4905-AE1E-710136EC5C58}"
EndProject
Project("{2150E333-8FDC-42A3-9474-1A3956D46DE8}") = "Solution Items", "Solution Items", "{BD54289C-5DE9-4D56-958C-7E9DF8222C8C}"
	ProjectSection(SolutionItems) = preProject
		.editorconfig = .editorconfig
		global.json = global.json
		LICENSE = LICENSE
	EndProjectSection
EndProject
Project("{2150E333-8FDC-42A3-9474-1A3956D46DE8}") = "src", "src", "{C1BCE870-D158-438A-91C6-387B2F7677B4}"
EndProject
Project("{2150E333-8FDC-42A3-9474-1A3956D46DE8}") = "tests", "tests", "{1AE9EDC5-22F2-4EEB-9B8A-46B264597907}"
EndProject
Project("{FAE04EC0-301F-11D3-BF4B-00C04F79EFBC}") = "MiniTwitch.Helix", "MiniTwitch.Helix\MiniTwitch.Helix.csproj", "{1F9FF9BE-7B39-4939-A333-C5A59536119A}"
EndProject
Global
	GlobalSection(SolutionConfigurationPlatforms) = preSolution
		Debug|Any CPU = Debug|Any CPU
		Release|Any CPU = Release|Any CPU
	EndGlobalSection
	GlobalSection(ProjectConfigurationPlatforms) = postSolution
		{E9F2F809-CE3C-4DA1-A16F-FE0A1F24D42B}.Debug|Any CPU.ActiveCfg = Debug|Any CPU
		{E9F2F809-CE3C-4DA1-A16F-FE0A1F24D42B}.Debug|Any CPU.Build.0 = Debug|Any CPU
		{E9F2F809-CE3C-4DA1-A16F-FE0A1F24D42B}.Release|Any CPU.ActiveCfg = Release|Any CPU
		{E9F2F809-CE3C-4DA1-A16F-FE0A1F24D42B}.Release|Any CPU.Build.0 = Release|Any CPU
		{4954F279-1E0F-4FAE-B94B-82E97FF3AAAD}.Debug|Any CPU.ActiveCfg = Debug|Any CPU
		{4954F279-1E0F-4FAE-B94B-82E97FF3AAAD}.Debug|Any CPU.Build.0 = Debug|Any CPU
		{4954F279-1E0F-4FAE-B94B-82E97FF3AAAD}.Release|Any CPU.ActiveCfg = Release|Any CPU
		{4954F279-1E0F-4FAE-B94B-82E97FF3AAAD}.Release|Any CPU.Build.0 = Release|Any CPU
		{70E0798C-2704-4905-AE1E-710136EC5C58}.Debug|Any CPU.ActiveCfg = Debug|Any CPU
		{70E0798C-2704-4905-AE1E-710136EC5C58}.Debug|Any CPU.Build.0 = Debug|Any CPU
		{70E0798C-2704-4905-AE1E-710136EC5C58}.Release|Any CPU.ActiveCfg = Release|Any CPU
		{70E0798C-2704-4905-AE1E-710136EC5C58}.Release|Any CPU.Build.0 = Release|Any CPU
		{1F9FF9BE-7B39-4939-A333-C5A59536119A}.Debug|Any CPU.ActiveCfg = Debug|Any CPU
		{1F9FF9BE-7B39-4939-A333-C5A59536119A}.Debug|Any CPU.Build.0 = Debug|Any CPU
		{1F9FF9BE-7B39-4939-A333-C5A59536119A}.Release|Any CPU.ActiveCfg = Release|Any CPU
		{1F9FF9BE-7B39-4939-A333-C5A59536119A}.Release|Any CPU.Build.0 = Release|Any CPU
	EndGlobalSection
	GlobalSection(SolutionProperties) = preSolution
		HideSolutionNode = FALSE
	EndGlobalSection
	GlobalSection(NestedProjects) = preSolution
		{E9F2F809-CE3C-4DA1-A16F-FE0A1F24D42B} = {C1BCE870-D158-438A-91C6-387B2F7677B4}
		{4954F279-1E0F-4FAE-B94B-82E97FF3AAAD} = {C1BCE870-D158-438A-91C6-387B2F7677B4}
		{70E0798C-2704-4905-AE1E-710136EC5C58} = {1AE9EDC5-22F2-4EEB-9B8A-46B264597907}
		{1F9FF9BE-7B39-4939-A333-C5A59536119A} = {C1BCE870-D158-438A-91C6-387B2F7677B4}
	EndGlobalSection
	GlobalSection(ExtensibilityGlobals) = postSolution
		SolutionGuid = {2698C4F9-D2CF-447D-945B-6382FF15EA63}
	EndGlobalSection
EndGlobal
